// !$*UTF8*$!
{
	archiveVersion = 1;
	classes = {
	};
	objectVersion = 55;
	objects = {

/* Begin PBXBuildFile section */
		4D833B13278003D30009998E /* BoochApp.swift in Sources */ = {isa = PBXBuildFile; fileRef = 4D833B12278003D30009998E /* BoochApp.swift */; };
		4D833B15278003D30009998E /* ContentView.swift in Sources */ = {isa = PBXBuildFile; fileRef = 4D833B14278003D30009998E /* ContentView.swift */; };
		4D833B17278003D60009998E /* Assets.xcassets in Resources */ = {isa = PBXBuildFile; fileRef = 4D833B16278003D60009998E /* Assets.xcassets */; };
		4D833B1A278003D60009998E /* Preview Assets.xcassets in Resources */ = {isa = PBXBuildFile; fileRef = 4D833B19278003D60009998E /* Preview Assets.xcassets */; };
		4D833B24278003D60009998E /* BoochTests.swift in Sources */ = {isa = PBXBuildFile; fileRef = 4D833B23278003D60009998E /* BoochTests.swift */; };
		4D833B2E278003D60009998E /* BoochUITests.swift in Sources */ = {isa = PBXBuildFile; fileRef = 4D833B2D278003D60009998E /* BoochUITests.swift */; };
		4D833B30278003D60009998E /* BoochUITestsLaunchTests.swift in Sources */ = {isa = PBXBuildFile; fileRef = 4D833B2F278003D60009998E /* BoochUITestsLaunchTests.swift */; };
		4D833B3D2781FDDE0009998E /* LoginView.swift in Sources */ = {isa = PBXBuildFile; fileRef = 4D833B3C2781FDDE0009998E /* LoginView.swift */; };
		4D833B8627821AE00009998E /* ProfileView.swift in Sources */ = {isa = PBXBuildFile; fileRef = 4D833B8527821ADF0009998E /* ProfileView.swift */; };
/* End PBXBuildFile section */

/* Begin PBXContainerItemProxy section */
		4D833B20278003D60009998E /* PBXContainerItemProxy */ = {
			isa = PBXContainerItemProxy;
			containerPortal = 4D833B07278003D30009998E /* Project object */;
			proxyType = 1;
			remoteGlobalIDString = 4D833B0E278003D30009998E;
			remoteInfo = Booch;
		};
		4D833B2A278003D60009998E /* PBXContainerItemProxy */ = {
			isa = PBXContainerItemProxy;
			containerPortal = 4D833B07278003D30009998E /* Project object */;
			proxyType = 1;
			remoteGlobalIDString = 4D833B0E278003D30009998E;
			remoteInfo = Booch;
		};
/* End PBXContainerItemProxy section */

/* Begin PBXFileReference section */
		4D833B0F278003D30009998E /* Booch.app */ = {isa = PBXFileReference; explicitFileType = wrapper.application; includeInIndex = 0; path = Booch.app; sourceTree = BUILT_PRODUCTS_DIR; };
		4D833B12278003D30009998E /* BoochApp.swift */ = {isa = PBXFileReference; lastKnownFileType = sourcecode.swift; path = BoochApp.swift; sourceTree = "<group>"; };
		4D833B14278003D30009998E /* ContentView.swift */ = {isa = PBXFileReference; lastKnownFileType = sourcecode.swift; path = ContentView.swift; sourceTree = "<group>"; };
		4D833B16278003D60009998E /* Assets.xcassets */ = {isa = PBXFileReference; lastKnownFileType = folder.assetcatalog; path = Assets.xcassets; sourceTree = "<group>"; };
		4D833B19278003D60009998E /* Preview Assets.xcassets */ = {isa = PBXFileReference; lastKnownFileType = folder.assetcatalog; path = "Preview Assets.xcassets"; sourceTree = "<group>"; };
		4D833B1F278003D60009998E /* BoochTests.xctest */ = {isa = PBXFileReference; explicitFileType = wrapper.cfbundle; includeInIndex = 0; path = BoochTests.xctest; sourceTree = BUILT_PRODUCTS_DIR; };
		4D833B23278003D60009998E /* BoochTests.swift */ = {isa = PBXFileReference; lastKnownFileType = sourcecode.swift; path = BoochTests.swift; sourceTree = "<group>"; };
		4D833B29278003D60009998E /* BoochUITests.xctest */ = {isa = PBXFileReference; explicitFileType = wrapper.cfbundle; includeInIndex = 0; path = BoochUITests.xctest; sourceTree = BUILT_PRODUCTS_DIR; };
		4D833B2D278003D60009998E /* BoochUITests.swift */ = {isa = PBXFileReference; lastKnownFileType = sourcecode.swift; path = BoochUITests.swift; sourceTree = "<group>"; };
		4D833B2F278003D60009998E /* BoochUITestsLaunchTests.swift */ = {isa = PBXFileReference; lastKnownFileType = sourcecode.swift; path = BoochUITestsLaunchTests.swift; sourceTree = "<group>"; };
		4D833B3C2781FDDE0009998E /* LoginView.swift */ = {isa = PBXFileReference; lastKnownFileType = sourcecode.swift; path = LoginView.swift; sourceTree = "<group>"; };
		4D833B8527821ADF0009998E /* ProfileView.swift */ = {isa = PBXFileReference; lastKnownFileType = sourcecode.swift; path = ProfileView.swift; sourceTree = "<group>"; };
/* End PBXFileReference section */

/* Begin PBXFrameworksBuildPhase section */
		4D833B0C278003D30009998E /* Frameworks */ = {
			isa = PBXFrameworksBuildPhase;
			buildActionMask = 2147483647;
			files = (
			);
			runOnlyForDeploymentPostprocessing = 0;
		};
		4D833B1C278003D60009998E /* Frameworks */ = {
			isa = PBXFrameworksBuildPhase;
			buildActionMask = 2147483647;
			files = (
			);
			runOnlyForDeploymentPostprocessing = 0;
		};
		4D833B26278003D60009998E /* Frameworks */ = {
			isa = PBXFrameworksBuildPhase;
			buildActionMask = 2147483647;
			files = (
			);
			runOnlyForDeploymentPostprocessing = 0;
		};
/* End PBXFrameworksBuildPhase section */

/* Begin PBXGroup section */
		4D833B06278003D30009998E = {
			isa = PBXGroup;
			children = (
				4D833B11278003D30009998E /* Booch */,
				4D833B22278003D60009998E /* BoochTests */,
				4D833B2C278003D60009998E /* BoochUITests */,
				4D833B10278003D30009998E /* Products */,
			);
			sourceTree = "<group>";
		};
		4D833B10278003D30009998E /* Products */ = {
			isa = PBXGroup;
			children = (
				4D833B0F278003D30009998E /* Booch.app */,
				4D833B1F278003D60009998E /* BoochTests.xctest */,
				4D833B29278003D60009998E /* BoochUITests.xctest */,
			);
			name = Products;
			sourceTree = "<group>";
		};
		4D833B11278003D30009998E /* Booch */ = {
			isa = PBXGroup;
			children = (
				4D833B8427821A3E0009998E /* New Group */,
				4D833B12278003D30009998E /* BoochApp.swift */,
				4D833B14278003D30009998E /* ContentView.swift */,
				4D833B3C2781FDDE0009998E /* LoginView.swift */,
				4D833B16278003D60009998E /* Assets.xcassets */,
				4D833B18278003D60009998E /* Preview Content */,
				4D833B8527821ADF0009998E /* ProfileView.swift */,
			);
			path = Booch;
			sourceTree = "<group>";
		};
		4D833B18278003D60009998E /* Preview Content */ = {
			isa = PBXGroup;
			children = (
				4D833B19278003D60009998E /* Preview Assets.xcassets */,
			);
			path = "Preview Content";
			sourceTree = "<group>";
		};
		4D833B22278003D60009998E /* BoochTests */ = {
			isa = PBXGroup;
			children = (
				4D833B23278003D60009998E /* BoochTests.swift */,
			);
			path = BoochTests;
			sourceTree = "<group>";
		};
		4D833B2C278003D60009998E /* BoochUITests */ = {
			isa = PBXGroup;
			children = (
				4D833B2D278003D60009998E /* BoochUITests.swift */,
				4D833B2F278003D60009998E /* BoochUITestsLaunchTests.swift */,
			);
			path = BoochUITests;
			sourceTree = "<group>";
		};
		4D833B8427821A3E0009998E /* New Group */ = {
			isa = PBXGroup;
			children = (
			);
			path = "New Group";
			sourceTree = "<group>";
		};
/* End PBXGroup section */

/* Begin PBXNativeTarget section */
		4D833B0E278003D30009998E /* Booch */ = {
			isa = PBXNativeTarget;
			buildConfigurationList = 4D833B33278003D60009998E /* Build configuration list for PBXNativeTarget "Booch" */;
			buildPhases = (
				4D833B0B278003D30009998E /* Sources */,
				4D833B0C278003D30009998E /* Frameworks */,
				4D833B0D278003D30009998E /* Resources */,
			);
			buildRules = (
			);
			dependencies = (
			);
			name = Booch;
			productName = Booch;
			productReference = 4D833B0F278003D30009998E /* Booch.app */;
			productType = "com.apple.product-type.application";
		};
		4D833B1E278003D60009998E /* BoochTests */ = {
			isa = PBXNativeTarget;
			buildConfigurationList = 4D833B36278003D60009998E /* Build configuration list for PBXNativeTarget "BoochTests" */;
			buildPhases = (
				4D833B1B278003D60009998E /* Sources */,
				4D833B1C278003D60009998E /* Frameworks */,
				4D833B1D278003D60009998E /* Resources */,
			);
			buildRules = (
			);
			dependencies = (
				4D833B21278003D60009998E /* PBXTargetDependency */,
			);
			name = BoochTests;
			productName = BoochTests;
			productReference = 4D833B1F278003D60009998E /* BoochTests.xctest */;
			productType = "com.apple.product-type.bundle.unit-test";
		};
		4D833B28278003D60009998E /* BoochUITests */ = {
			isa = PBXNativeTarget;
			buildConfigurationList = 4D833B39278003D60009998E /* Build configuration list for PBXNativeTarget "BoochUITests" */;
			buildPhases = (
				4D833B25278003D60009998E /* Sources */,
				4D833B26278003D60009998E /* Frameworks */,
				4D833B27278003D60009998E /* Resources */,
			);
			buildRules = (
			);
			dependencies = (
				4D833B2B278003D60009998E /* PBXTargetDependency */,
			);
			name = BoochUITests;
			productName = BoochUITests;
			productReference = 4D833B29278003D60009998E /* BoochUITests.xctest */;
			productType = "com.apple.product-type.bundle.ui-testing";
		};
/* End PBXNativeTarget section */

/* Begin PBXProject section */
		4D833B07278003D30009998E /* Project object */ = {
			isa = PBXProject;
			attributes = {
				BuildIndependentTargetsInParallel = 1;
				LastSwiftUpdateCheck = 1320;
				LastUpgradeCheck = 1320;
				TargetAttributes = {
					4D833B0E278003D30009998E = {
						CreatedOnToolsVersion = 13.2.1;
					};
					4D833B1E278003D60009998E = {
						CreatedOnToolsVersion = 13.2.1;
						TestTargetID = 4D833B0E278003D30009998E;
					};
					4D833B28278003D60009998E = {
						CreatedOnToolsVersion = 13.2.1;
						TestTargetID = 4D833B0E278003D30009998E;
					};
				};
			};
			buildConfigurationList = 4D833B0A278003D30009998E /* Build configuration list for PBXProject "Booch" */;
			compatibilityVersion = "Xcode 13.0";
			developmentRegion = en;
			hasScannedForEncodings = 0;
			knownRegions = (
				en,
				Base,
			);
			mainGroup = 4D833B06278003D30009998E;
			productRefGroup = 4D833B10278003D30009998E /* Products */;
			projectDirPath = "";
			projectRoot = "";
			targets = (
				4D833B0E278003D30009998E /* Booch */,
				4D833B1E278003D60009998E /* BoochTests */,
				4D833B28278003D60009998E /* BoochUITests */,
			);
		};
/* End PBXProject section */

/* Begin PBXResourcesBuildPhase section */
		4D833B0D278003D30009998E /* Resources */ = {
			isa = PBXResourcesBuildPhase;
			buildActionMask = 2147483647;
			files = (
				4D833B1A278003D60009998E /* Preview Assets.xcassets in Resources */,
				4D833B17278003D60009998E /* Assets.xcassets in Resources */,
			);
			runOnlyForDeploymentPostprocessing = 0;
		};
		4D833B1D278003D60009998E /* Resources */ = {
			isa = PBXResourcesBuildPhase;
			buildActionMask = 2147483647;
			files = (
			);
			runOnlyForDeploymentPostprocessing = 0;
		};
		4D833B27278003D60009998E /* Resources */ = {
			isa = PBXResourcesBuildPhase;
			buildActionMask = 2147483647;
			files = (
			);
			runOnlyForDeploymentPostprocessing = 0;
		};
/* End PBXResourcesBuildPhase section */

/* Begin PBXSourcesBuildPhase section */
		4D833B0B278003D30009998E /* Sources */ = {
			isa = PBXSourcesBuildPhase;
			buildActionMask = 2147483647;
			files = (
				4D833B8627821AE00009998E /* ProfileView.swift in Sources */,
				4D833B3D2781FDDE0009998E /* LoginView.swift in Sources */,
				4D833B15278003D30009998E /* ContentView.swift in Sources */,
				4D833B13278003D30009998E /* BoochApp.swift in Sources */,
			);
			runOnlyForDeploymentPostprocessing = 0;
		};
		4D833B1B278003D60009998E /* Sources */ = {
			isa = PBXSourcesBuildPhase;
			buildActionMask = 2147483647;
			files = (
				4D833B24278003D60009998E /* BoochTests.swift in Sources */,
			);
			runOnlyForDeploymentPostprocessing = 0;
		};
		4D833B25278003D60009998E /* Sources */ = {
			isa = PBXSourcesBuildPhase;
			buildActionMask = 2147483647;
			files = (
				4D833B30278003D60009998E /* BoochUITestsLaunchTests.swift in Sources */,
				4D833B2E278003D60009998E /* BoochUITests.swift in Sources */,
			);
			runOnlyForDeploymentPostprocessing = 0;
		};
/* End PBXSourcesBuildPhase section */

/* Begin PBXTargetDependency section */
		4D833B21278003D60009998E /* PBXTargetDependency */ = {
			isa = PBXTargetDependency;
			target = 4D833B0E278003D30009998E /* Booch */;
			targetProxy = 4D833B20278003D60009998E /* PBXContainerItemProxy */;
		};
		4D833B2B278003D60009998E /* PBXTargetDependency */ = {
			isa = PBXTargetDependency;
			target = 4D833B0E278003D30009998E /* Booch */;
			targetProxy = 4D833B2A278003D60009998E /* PBXContainerItemProxy */;
		};
/* End PBXTargetDependency section */

/* Begin XCBuildConfiguration section */
		4D833B31278003D60009998E /* Debug */ = {
			isa = XCBuildConfiguration;
			buildSettings = {
				ALWAYS_SEARCH_USER_PATHS = NO;
				CLANG_ANALYZER_NONNULL = YES;
				CLANG_ANALYZER_NUMBER_OBJECT_CONVERSION = YES_AGGRESSIVE;
				CLANG_CXX_LANGUAGE_STANDARD = "gnu++17";
				CLANG_CXX_LIBRARY = "libc++";
				CLANG_ENABLE_MODULES = YES;
				CLANG_ENABLE_OBJC_ARC = YES;
				CLANG_ENABLE_OBJC_WEAK = YES;
				CLANG_WARN_BLOCK_CAPTURE_AUTORELEASING = YES;
				CLANG_WARN_BOOL_CONVERSION = YES;
				CLANG_WARN_COMMA = YES;
				CLANG_WARN_CONSTANT_CONVERSION = YES;
				CLANG_WARN_DEPRECATED_OBJC_IMPLEMENTATIONS = YES;
				CLANG_WARN_DIRECT_OBJC_ISA_USAGE = YES_ERROR;
				CLANG_WARN_DOCUMENTATION_COMMENTS = YES;
				CLANG_WARN_EMPTY_BODY = YES;
				CLANG_WARN_ENUM_CONVERSION = YES;
				CLANG_WARN_INFINITE_RECURSION = YES;
				CLANG_WARN_INT_CONVERSION = YES;
				CLANG_WARN_NON_LITERAL_NULL_CONVERSION = YES;
				CLANG_WARN_OBJC_IMPLICIT_RETAIN_SELF = YES;
				CLANG_WARN_OBJC_LITERAL_CONVERSION = YES;
				CLANG_WARN_OBJC_ROOT_CLASS = YES_ERROR;
				CLANG_WARN_QUOTED_INCLUDE_IN_FRAMEWORK_HEADER = YES;
				CLANG_WARN_RANGE_LOOP_ANALYSIS = YES;
				CLANG_WARN_STRICT_PROTOTYPES = YES;
				CLANG_WARN_SUSPICIOUS_MOVE = YES;
				CLANG_WARN_UNGUARDED_AVAILABILITY = YES_AGGRESSIVE;
				CLANG_WARN_UNREACHABLE_CODE = YES;
				CLANG_WARN__DUPLICATE_METHOD_MATCH = YES;
				COPY_PHASE_STRIP = NO;
				DEBUG_INFORMATION_FORMAT = dwarf;
				ENABLE_STRICT_OBJC_MSGSEND = YES;
				ENABLE_TESTABILITY = YES;
				GCC_C_LANGUAGE_STANDARD = gnu11;
				GCC_DYNAMIC_NO_PIC = NO;
				GCC_NO_COMMON_BLOCKS = YES;
				GCC_OPTIMIZATION_LEVEL = 0;
				GCC_PREPROCESSOR_DEFINITIONS = (
					"DEBUG=1",
					"$(inherited)",
				);
				GCC_WARN_64_TO_32_BIT_CONVERSION = YES;
				GCC_WARN_ABOUT_RETURN_TYPE = YES_ERROR;
				GCC_WARN_UNDECLARED_SELECTOR = YES;
				GCC_WARN_UNINITIALIZED_AUTOS = YES_AGGRESSIVE;
				GCC_WARN_UNUSED_FUNCTION = YES;
				GCC_WARN_UNUSED_VARIABLE = YES;
				IPHONEOS_DEPLOYMENT_TARGET = 15.2;
				MTL_ENABLE_DEBUG_INFO = INCLUDE_SOURCE;
				MTL_FAST_MATH = YES;
				ONLY_ACTIVE_ARCH = YES;
				SDKROOT = iphoneos;
				SWIFT_ACTIVE_COMPILATION_CONDITIONS = DEBUG;
				SWIFT_OPTIMIZATION_LEVEL = "-Onone";
			};
			name = Debug;
		};
		4D833B32278003D60009998E /* Release */ = {
			isa = XCBuildConfiguration;
			buildSettings = {
				ALWAYS_SEARCH_USER_PATHS = NO;
				CLANG_ANALYZER_NONNULL = YES;
				CLANG_ANALYZER_NUMBER_OBJECT_CONVERSION = YES_AGGRESSIVE;
				CLANG_CXX_LANGUAGE_STANDARD = "gnu++17";
				CLANG_CXX_LIBRARY = "libc++";
				CLANG_ENABLE_MODULES = YES;
				CLANG_ENABLE_OBJC_ARC = YES;
				CLANG_ENABLE_OBJC_WEAK = YES;
				CLANG_WARN_BLOCK_CAPTURE_AUTORELEASING = YES;
				CLANG_WARN_BOOL_CONVERSION = YES;
				CLANG_WARN_COMMA = YES;
				CLANG_WARN_CONSTANT_CONVERSION = YES;
				CLANG_WARN_DEPRECATED_OBJC_IMPLEMENTATIONS = YES;
				CLANG_WARN_DIRECT_OBJC_ISA_USAGE = YES_ERROR;
				CLANG_WARN_DOCUMENTATION_COMMENTS = YES;
				CLANG_WARN_EMPTY_BODY = YES;
				CLANG_WARN_ENUM_CONVERSION = YES;
				CLANG_WARN_INFINITE_RECURSION = YES;
				CLANG_WARN_INT_CONVERSION = YES;
				CLANG_WARN_NON_LITERAL_NULL_CONVERSION = YES;
				CLANG_WARN_OBJC_IMPLICIT_RETAIN_SELF = YES;
				CLANG_WARN_OBJC_LITERAL_CONVERSION = YES;
				CLANG_WARN_OBJC_ROOT_CLASS = YES_ERROR;
				CLANG_WARN_QUOTED_INCLUDE_IN_FRAMEWORK_HEADER = YES;
				CLANG_WARN_RANGE_LOOP_ANALYSIS = YES;
				CLANG_WARN_STRICT_PROTOTYPES = YES;
				CLANG_WARN_SUSPICIOUS_MOVE = YES;
				CLANG_WARN_UNGUARDED_AVAILABILITY = YES_AGGRESSIVE;
				CLANG_WARN_UNREACHABLE_CODE = YES;
				CLANG_WARN__DUPLICATE_METHOD_MATCH = YES;
				COPY_PHASE_STRIP = NO;
				DEBUG_INFORMATION_FORMAT = "dwarf-with-dsym";
				ENABLE_NS_ASSERTIONS = NO;
				ENABLE_STRICT_OBJC_MSGSEND = YES;
				GCC_C_LANGUAGE_STANDARD = gnu11;
				GCC_NO_COMMON_BLOCKS = YES;
				GCC_WARN_64_TO_32_BIT_CONVERSION = YES;
				GCC_WARN_ABOUT_RETURN_TYPE = YES_ERROR;
				GCC_WARN_UNDECLARED_SELECTOR = YES;
				GCC_WARN_UNINITIALIZED_AUTOS = YES_AGGRESSIVE;
				GCC_WARN_UNUSED_FUNCTION = YES;
				GCC_WARN_UNUSED_VARIABLE = YES;
				IPHONEOS_DEPLOYMENT_TARGET = 15.2;
				MTL_ENABLE_DEBUG_INFO = NO;
				MTL_FAST_MATH = YES;
				SDKROOT = iphoneos;
				SWIFT_COMPILATION_MODE = wholemodule;
				SWIFT_OPTIMIZATION_LEVEL = "-O";
				VALIDATE_PRODUCT = YES;
			};
			name = Release;
		};
		4D833B34278003D60009998E /* Debug */ = {
			isa = XCBuildConfiguration;
			buildSettings = {
				ASSETCATALOG_COMPILER_APPICON_NAME = AppIcon;
				ASSETCATALOG_COMPILER_GLOBAL_ACCENT_COLOR_NAME = AccentColor;
				CODE_SIGN_IDENTITY = "Apple Development";
				CODE_SIGN_STYLE = Automatic;
				CURRENT_PROJECT_VERSION = 1;
				DEVELOPMENT_ASSET_PATHS = "\"Booch/Preview Content\"";
				DEVELOPMENT_TEAM = YDBLTKHK3M;
				ENABLE_PREVIEWS = YES;
				GENERATE_INFOPLIST_FILE = YES;
				INFOPLIST_KEY_UIApplicationSceneManifest_Generation = YES;
				INFOPLIST_KEY_UIApplicationSupportsIndirectInputEvents = YES;
				INFOPLIST_KEY_UILaunchScreen_Generation = YES;
				INFOPLIST_KEY_UISupportedInterfaceOrientations_iPad = "UIInterfaceOrientationPortrait UIInterfaceOrientationPortraitUpsideDown UIInterfaceOrientationLandscapeLeft UIInterfaceOrientationLandscapeRight";
				INFOPLIST_KEY_UISupportedInterfaceOrientations_iPhone = "UIInterfaceOrientationPortrait UIInterfaceOrientationLandscapeLeft UIInterfaceOrientationLandscapeRight";
				LD_RUNPATH_SEARCH_PATHS = (
					"$(inherited)",
					"@executable_path/Frameworks",
				);
				MARKETING_VERSION = 1.0;
				PRODUCT_BUNDLE_IDENTIFIER = MarkConley.Booch;
				PRODUCT_NAME = "$(TARGET_NAME)";
				PROVISIONING_PROFILE_SPECIFIER = "";
				SWIFT_EMIT_LOC_STRINGS = YES;
				SWIFT_VERSION = 5.0;
				TARGETED_DEVICE_FAMILY = "1,2";
			};
			name = Debug;
		};
		4D833B35278003D60009998E /* Release */ = {
			isa = XCBuildConfiguration;
			buildSettings = {
				ASSETCATALOG_COMPILER_APPICON_NAME = AppIcon;
				ASSETCATALOG_COMPILER_GLOBAL_ACCENT_COLOR_NAME = AccentColor;
				CODE_SIGN_IDENTITY = "Apple Development";
				CODE_SIGN_STYLE = Automatic;
				CURRENT_PROJECT_VERSION = 1;
				DEVELOPMENT_ASSET_PATHS = "\"Booch/Preview Content\"";
				DEVELOPMENT_TEAM = YDBLTKHK3M;
				ENABLE_PREVIEWS = YES;
				GENERATE_INFOPLIST_FILE = YES;
				INFOPLIST_KEY_UIApplicationSceneManifest_Generation = YES;
				INFOPLIST_KEY_UIApplicationSupportsIndirectInputEvents = YES;
				INFOPLIST_KEY_UILaunchScreen_Generation = YES;
				INFOPLIST_KEY_UISupportedInterfaceOrientations_iPad = "UIInterfaceOrientationPortrait UIInterfaceOrientationPortraitUpsideDown UIInterfaceOrientationLandscapeLeft UIInterfaceOrientationLandscapeRight";
				INFOPLIST_KEY_UISupportedInterfaceOrientations_iPhone = "UIInterfaceOrientationPortrait UIInterfaceOrientationLandscapeLeft UIInterfaceOrientationLandscapeRight";
				LD_RUNPATH_SEARCH_PATHS = (
					"$(inherited)",
					"@executable_path/Frameworks",
				);
				MARKETING_VERSION = 1.0;
				PRODUCT_BUNDLE_IDENTIFIER = MarkConley.Booch;
				PRODUCT_NAME = "$(TARGET_NAME)";
				PROVISIONING_PROFILE_SPECIFIER = "";
				SWIFT_EMIT_LOC_STRINGS = YES;
				SWIFT_VERSION = 5.0;
				TARGETED_DEVICE_FAMILY = "1,2";
			};
			name = Release;
		};
		4D833B37278003D60009998E /* Debug */ = {
			isa = XCBuildConfiguration;
			buildSettings = {
				ALWAYS_EMBED_SWIFT_STANDARD_LIBRARIES = YES;
				BUNDLE_LOADER = "$(TEST_HOST)";
				"CODE_SIGN_IDENTITY[sdk=macosx*]" = "-";
				CODE_SIGN_STYLE = Automatic;
				CURRENT_PROJECT_VERSION = 1;
				DEVELOPMENT_TEAM = YDBLTKHK3M;
				GENERATE_INFOPLIST_FILE = YES;
				IPHONEOS_DEPLOYMENT_TARGET = 15.2;
				MARKETING_VERSION = 1.0;
				PRODUCT_BUNDLE_IDENTIFIER = MarkConley.BoochTests;
				PRODUCT_NAME = "$(TARGET_NAME)";
				SWIFT_EMIT_LOC_STRINGS = NO;
				SWIFT_VERSION = 5.0;
				TARGETED_DEVICE_FAMILY = "1,2";
				TEST_HOST = "$(BUILT_PRODUCTS_DIR)/Booch.app/Booch";
			};
			name = Debug;
		};
		4D833B38278003D60009998E /* Release */ = {
			isa = XCBuildConfiguration;
			buildSettings = {
				ALWAYS_EMBED_SWIFT_STANDARD_LIBRARIES = YES;
				BUNDLE_LOADER = "$(TEST_HOST)";
				"CODE_SIGN_IDENTITY[sdk=macosx*]" = "-";
				CODE_SIGN_STYLE = Automatic;
				CURRENT_PROJECT_VERSION = 1;
				DEVELOPMENT_TEAM = YDBLTKHK3M;
				GENERATE_INFOPLIST_FILE = YES;
				IPHONEOS_DEPLOYMENT_TARGET = 15.2;
				MARKETING_VERSION = 1.0;
				PRODUCT_BUNDLE_IDENTIFIER = MarkConley.BoochTests;
				PRODUCT_NAME = "$(TARGET_NAME)";
				SWIFT_EMIT_LOC_STRINGS = NO;
				SWIFT_VERSION = 5.0;
				TARGETED_DEVICE_FAMILY = "1,2";
				TEST_HOST = "$(BUILT_PRODUCTS_DIR)/Booch.app/Booch";
			};
			name = Release;
		};
		4D833B3A278003D60009998E /* Debug */ = {
			isa = XCBuildConfiguration;
			buildSettings = {
				ALWAYS_EMBED_SWIFT_STANDARD_LIBRARIES = YES;
				"CODE_SIGN_IDENTITY[sdk=macosx*]" = "-";
				CODE_SIGN_STYLE = Automatic;
				CURRENT_PROJECT_VERSION = 1;
				DEVELOPMENT_TEAM = YDBLTKHK3M;
				GENERATE_INFOPLIST_FILE = YES;
				MARKETING_VERSION = 1.0;
				PRODUCT_BUNDLE_IDENTIFIER = MarkConley.BoochUITests;
				PRODUCT_NAME = "$(TARGET_NAME)";
				SWIFT_EMIT_LOC_STRINGS = NO;
				SWIFT_VERSION = 5.0;
				TARGETED_DEVICE_FAMILY = "1,2";
				TEST_TARGET_NAME = Booch;
			};
			name = Debug;
		};
		4D833B3B278003D60009998E /* Release */ = {
			isa = XCBuildConfiguration;
			buildSettings = {
				ALWAYS_EMBED_SWIFT_STANDARD_LIBRARIES = YES;
				"CODE_SIGN_IDENTITY[sdk=macosx*]" = "-";
				CODE_SIGN_STYLE = Automatic;
				CURRENT_PROJECT_VERSION = 1;
				DEVELOPMENT_TEAM = YDBLTKHK3M;
				GENERATE_INFOPLIST_FILE = YES;
				MARKETING_VERSION = 1.0;
				PRODUCT_BUNDLE_IDENTIFIER = MarkConley.BoochUITests;
				PRODUCT_NAME = "$(TARGET_NAME)";
				SWIFT_EMIT_LOC_STRINGS = NO;
				SWIFT_VERSION = 5.0;
				TARGETED_DEVICE_FAMILY = "1,2";
				TEST_TARGET_NAME = Booch;
			};
			name = Release;
		};
/* End XCBuildConfiguration section */

/* Begin XCConfigurationList section */
		4D833B0A278003D30009998E /* Build configuration list for PBXProject "Booch" */ = {
			isa = XCConfigurationList;
			buildConfigurations = (
				4D833B31278003D60009998E /* Debug */,
				4D833B32278003D60009998E /* Release */,
			);
			defaultConfigurationIsVisible = 0;
			defaultConfigurationName = Release;
		};
		4D833B33278003D60009998E /* Build configuration list for PBXNativeTarget "Booch" */ = {
			isa = XCConfigurationList;
			buildConfigurations = (
				4D833B34278003D60009998E /* Debug */,
				4D833B35278003D60009998E /* Release */,
			);
			defaultConfigurationIsVisible = 0;
			defaultConfigurationName = Release;
		};
		4D833B36278003D60009998E /* Build configuration list for PBXNativeTarget "BoochTests" */ = {
			isa = XCConfigurationList;
			buildConfigurations = (
				4D833B37278003D60009998E /* Debug */,
				4D833B38278003D60009998E /* Release */,
			);
			defaultConfigurationIsVisible = 0;
			defaultConfigurationName = Release;
		};
		4D833B39278003D60009998E /* Build configuration list for PBXNativeTarget "BoochUITests" */ = {
			isa = XCConfigurationList;
			buildConfigurations = (
				4D833B3A278003D60009998E /* Debug */,
				4D833B3B278003D60009998E /* Release */,
			);
			defaultConfigurationIsVisible = 0;
			defaultConfigurationName = Release;
		};
/* End XCConfigurationList section */
	};
	rootObject = 4D833B07278003D30009998E /* Project object */;
}
